
Microsoft Visual Studio Solution File, Format Version 12.00
# Visual Studio Version 17
VisualStudioVersion = 17.9.34622.214
MinimumVisualStudioVersion = 10.0.40219.1
Project("{9A19103F-16F7-4668-BE54-9A1E7A4F7556}") = "NlogConfig", "WebApplication1\NlogConfig.csproj", "{F8F16727-F012-4924-93C0-566011B0FDF6}"
EndProject
Global
	GlobalSection(SolutionConfigurationPlatforms) = preSolution
		Debug|Any CPU = Debug|Any CPU
		Release|Any CPU = Release|Any CPU
	EndGlobalSection
	GlobalSection(ProjectConfigurationPlatforms) = postSolution
		{F8F16727-F012-4924-93C0-566011B0FDF6}.Debug|Any CPU.ActiveCfg = Debug|Any CPU
		{F8F16727-F012-4924-93C0-566011B0FDF6}.Debug|Any CPU.Build.0 = Debug|Any CPU
		{F8F16727-F012-4924-93C0-566011B0FDF6}.Release|Any CPU.ActiveCfg = Release|Any CPU
		{F8F16727-F012-4924-93C0-566011B0FDF6}.Release|Any CPU.Build.0 = Release|Any CPU
	EndGlobalSection
	GlobalSection(SolutionProperties) = preSolution
		HideSolutionNode = FALSE
	EndGlobalSection
	GlobalSection(ExtensibilityGlobals) = postSolution
		SolutionGuid = {58C27FB8-4F3A-4B0E-980E-4ADE2C23C63A}
	EndGlobalSection
EndGlobal
